// !$*UTF8*$!
{
	archiveVersion = 1;
	classes = {
	};
	objectVersion = 77;
	objects = {

/* Begin PBXBuildFile section */
		36C480C42E9DB608005A4DBC /* SwiftUIView.swift in Sources */ = {isa = PBXBuildFile; fileRef = 36C480C32E9DB608005A4DBC /* SwiftUIView.swift */; };
		7308A1BB2E95A61C00B6DE31 /* MapboxMaps in Frameworks */ = {isa = PBXBuildFile; productRef = 7308A1BA2E95A61C00B6DE31 /* MapboxMaps */; };
/* End PBXBuildFile section */

/* Begin PBXContainerItemProxy section */
		7308A19B2E95A36E00B6DE31 /* PBXContainerItemProxy */ = {
			isa = PBXContainerItemProxy;
			containerPortal = 7308A1832E95A36E00B6DE31 /* Project object */;
			proxyType = 1;
			remoteGlobalIDString = 7308A18A2E95A36E00B6DE31;
			remoteInfo = FreehandMapDrawing;
		};
		7308A1A52E95A36F00B6DE31 /* PBXContainerItemProxy */ = {
			isa = PBXContainerItemProxy;
			containerPortal = 7308A1832E95A36E00B6DE31 /* Project object */;
			proxyType = 1;
			remoteGlobalIDString = 7308A18A2E95A36E00B6DE31;
			remoteInfo = FreehandMapDrawing;
		};
/* End PBXContainerItemProxy section */

/* Begin PBXFileReference section */
		36C480C32E9DB608005A4DBC /* SwiftUIView.swift */ = {isa = PBXFileReference; lastKnownFileType = sourcecode.swift; path = SwiftUIView.swift; sourceTree = "<group>"; };
		7308A18B2E95A36E00B6DE31 /* FreehandMapDrawing.app */ = {isa = PBXFileReference; explicitFileType = wrapper.application; includeInIndex = 0; path = FreehandMapDrawing.app; sourceTree = BUILT_PRODUCTS_DIR; };
		7308A19A2E95A36E00B6DE31 /* FreehandMapDrawingTests.xctest */ = {isa = PBXFileReference; explicitFileType = wrapper.cfbundle; includeInIndex = 0; path = FreehandMapDrawingTests.xctest; sourceTree = BUILT_PRODUCTS_DIR; };
		7308A1A42E95A36F00B6DE31 /* FreehandMapDrawingUITests.xctest */ = {isa = PBXFileReference; explicitFileType = wrapper.cfbundle; includeInIndex = 0; path = FreehandMapDrawingUITests.xctest; sourceTree = BUILT_PRODUCTS_DIR; };
		7308A1CA2E95A98800B6DE31 /* README.md */ = {isa = PBXFileReference; lastKnownFileType = net.daringfireball.markdown; path = README.md; sourceTree = "<group>"; };
/* End PBXFileReference section */

/* Begin PBXFileSystemSynchronizedBuildFileExceptionSet section */
		7308A1B82E95A5A600B6DE31 /* Exceptions for "FreehandMapDrawing" folder in "FreehandMapDrawing" target */ = {
			isa = PBXFileSystemSynchronizedBuildFileExceptionSet;
			membershipExceptions = (
				Info.plist,
			);
			target = 7308A18A2E95A36E00B6DE31 /* FreehandMapDrawing */;
		};
/* End PBXFileSystemSynchronizedBuildFileExceptionSet section */

/* Begin PBXFileSystemSynchronizedRootGroup section */
		7308A18D2E95A36E00B6DE31 /* FreehandMapDrawing */ = {
			isa = PBXFileSystemSynchronizedRootGroup;
			exceptions = (
				7308A1B82E95A5A600B6DE31 /* Exceptions for "FreehandMapDrawing" folder in "FreehandMapDrawing" target */,
			);
			path = FreehandMapDrawing;
			sourceTree = "<group>";
		};
		7308A19D2E95A36E00B6DE31 /* FreehandMapDrawingTests */ = {
			isa = PBXFileSystemSynchronizedRootGroup;
			path = FreehandMapDrawingTests;
			sourceTree = "<group>";
		};
		7308A1A72E95A36F00B6DE31 /* FreehandMapDrawingUITests */ = {
			isa = PBXFileSystemSynchronizedRootGroup;
			path = FreehandMapDrawingUITests;
			sourceTree = "<group>";
		};
/* End PBXFileSystemSynchronizedRootGroup section */

/* Begin PBXFrameworksBuildPhase section */
		7308A1882E95A36E00B6DE31 /* Frameworks */ = {
			isa = PBXFrameworksBuildPhase;
			buildActionMask = 2147483647;
			files = (
				7308A1BB2E95A61C00B6DE31 /* MapboxMaps in Frameworks */,
			);
			runOnlyForDeploymentPostprocessing = 0;
		};
		7308A1972E95A36E00B6DE31 /* Frameworks */ = {
			isa = PBXFrameworksBuildPhase;
			buildActionMask = 2147483647;
			files = (
			);
			runOnlyForDeploymentPostprocessing = 0;
		};
		7308A1A12E95A36F00B6DE31 /* Frameworks */ = {
			isa = PBXFrameworksBuildPhase;
			buildActionMask = 2147483647;
			files = (
			);
			runOnlyForDeploymentPostprocessing = 0;
		};
/* End PBXFrameworksBuildPhase section */

/* Begin PBXGroup section */
		7308A1822E95A36E00B6DE31 = {
			isa = PBXGroup;
			children = (
				36C480C32E9DB608005A4DBC /* SwiftUIView.swift */,
				7308A1CA2E95A98800B6DE31 /* README.md */,
				7308A18D2E95A36E00B6DE31 /* FreehandMapDrawing */,
				7308A19D2E95A36E00B6DE31 /* FreehandMapDrawingTests */,
				7308A1A72E95A36F00B6DE31 /* FreehandMapDrawingUITests */,
				7308A18C2E95A36E00B6DE31 /* Products */,
			);
			sourceTree = "<group>";
		};
		7308A18C2E95A36E00B6DE31 /* Products */ = {
			isa = PBXGroup;
			children = (
				7308A18B2E95A36E00B6DE31 /* FreehandMapDrawing.app */,
				7308A19A2E95A36E00B6DE31 /* FreehandMapDrawingTests.xctest */,
				7308A1A42E95A36F00B6DE31 /* FreehandMapDrawingUITests.xctest */,
			);
			name = Products;
			sourceTree = "<group>";
		};
/* End PBXGroup section */

/* Begin PBXNativeTarget section */
		7308A18A2E95A36E00B6DE31 /* FreehandMapDrawing */ = {
			isa = PBXNativeTarget;
			buildConfigurationList = 7308A1AE2E95A36F00B6DE31 /* Build configuration list for PBXNativeTarget "FreehandMapDrawing" */;
			buildPhases = (
				7308A1872E95A36E00B6DE31 /* Sources */,
				7308A1882E95A36E00B6DE31 /* Frameworks */,
				7308A1892E95A36E00B6DE31 /* Resources */,
			);
			buildRules = (
			);
			dependencies = (
			);
			fileSystemSynchronizedGroups = (
				7308A18D2E95A36E00B6DE31 /* FreehandMapDrawing */,
			);
			name = FreehandMapDrawing;
			packageProductDependencies = (
				7308A1BA2E95A61C00B6DE31 /* MapboxMaps */,
			);
			productName = FreehandMapDrawing;
			productReference = 7308A18B2E95A36E00B6DE31 /* FreehandMapDrawing.app */;
			productType = "com.apple.product-type.application";
		};
		7308A1992E95A36E00B6DE31 /* FreehandMapDrawingTests */ = {
			isa = PBXNativeTarget;
			buildConfigurationList = 7308A1B12E95A36F00B6DE31 /* Build configuration list for PBXNativeTarget "FreehandMapDrawingTests" */;
			buildPhases = (
				7308A1962E95A36E00B6DE31 /* Sources */,
				7308A1972E95A36E00B6DE31 /* Frameworks */,
				7308A1982E95A36E00B6DE31 /* Resources */,
			);
			buildRules = (
			);
			dependencies = (
				7308A19C2E95A36E00B6DE31 /* PBXTargetDependency */,
			);
			fileSystemSynchronizedGroups = (
				7308A19D2E95A36E00B6DE31 /* FreehandMapDrawingTests */,
			);
			name = FreehandMapDrawingTests;
			packageProductDependencies = (
			);
			productName = FreehandMapDrawingTests;
			productReference = 7308A19A2E95A36E00B6DE31 /* FreehandMapDrawingTests.xctest */;
			productType = "com.apple.product-type.bundle.unit-test";
		};
		7308A1A32E95A36F00B6DE31 /* FreehandMapDrawingUITests */ = {
			isa = PBXNativeTarget;
			buildConfigurationList = 7308A1B42E95A36F00B6DE31 /* Build configuration list for PBXNativeTarget "FreehandMapDrawingUITests" */;
			buildPhases = (
				7308A1A02E95A36F00B6DE31 /* Sources */,
				7308A1A12E95A36F00B6DE31 /* Frameworks */,
				7308A1A22E95A36F00B6DE31 /* Resources */,
			);
			buildRules = (
			);
			dependencies = (
				7308A1A62E95A36F00B6DE31 /* PBXTargetDependency */,
			);
			fileSystemSynchronizedGroups = (
				7308A1A72E95A36F00B6DE31 /* FreehandMapDrawingUITests */,
			);
			name = FreehandMapDrawingUITests;
			packageProductDependencies = (
			);
			productName = FreehandMapDrawingUITests;
			productReference = 7308A1A42E95A36F00B6DE31 /* FreehandMapDrawingUITests.xctest */;
			productType = "com.apple.product-type.bundle.ui-testing";
		};
/* End PBXNativeTarget section */

/* Begin PBXProject section */
		7308A1832E95A36E00B6DE31 /* Project object */ = {
			isa = PBXProject;
			attributes = {
				BuildIndependentTargetsInParallel = 1;
				LastSwiftUpdateCheck = 2600;
				LastUpgradeCheck = 2600;
				TargetAttributes = {
					7308A18A2E95A36E00B6DE31 = {
						CreatedOnToolsVersion = 26.0.1;
					};
					7308A1992E95A36E00B6DE31 = {
						CreatedOnToolsVersion = 26.0.1;
						TestTargetID = 7308A18A2E95A36E00B6DE31;
					};
					7308A1A32E95A36F00B6DE31 = {
						CreatedOnToolsVersion = 26.0.1;
						TestTargetID = 7308A18A2E95A36E00B6DE31;
					};
				};
			};
			buildConfigurationList = 7308A1862E95A36E00B6DE31 /* Build configuration list for PBXProject "FreehandMapDrawing" */;
			developmentRegion = en;
			hasScannedForEncodings = 0;
			knownRegions = (
				en,
				Base,
			);
			mainGroup = 7308A1822E95A36E00B6DE31;
			minimizedProjectReferenceProxies = 1;
			packageReferences = (
				7308A1B92E95A61C00B6DE31 /* XCRemoteSwiftPackageReference "mapbox-maps-ios" */,
			);
			preferredProjectObjectVersion = 77;
			productRefGroup = 7308A18C2E95A36E00B6DE31 /* Products */;
			projectDirPath = "";
			projectRoot = "";
			targets = (
				7308A18A2E95A36E00B6DE31 /* FreehandMapDrawing */,
				7308A1992E95A36E00B6DE31 /* FreehandMapDrawingTests */,
				7308A1A32E95A36F00B6DE31 /* FreehandMapDrawingUITests */,
			);
		};
/* End PBXProject section */

/* Begin PBXResourcesBuildPhase section */
		7308A1892E95A36E00B6DE31 /* Resources */ = {
			isa = PBXResourcesBuildPhase;
			buildActionMask = 2147483647;
			files = (
			);
			runOnlyForDeploymentPostprocessing = 0;
		};
		7308A1982E95A36E00B6DE31 /* Resources */ = {
			isa = PBXResourcesBuildPhase;
			buildActionMask = 2147483647;
			files = (
			);
			runOnlyForDeploymentPostprocessing = 0;
		};
		7308A1A22E95A36F00B6DE31 /* Resources */ = {
			isa = PBXResourcesBuildPhase;
			buildActionMask = 2147483647;
			files = (
			);
			runOnlyForDeploymentPostprocessing = 0;
		};
/* End PBXResourcesBuildPhase section */

/* Begin PBXSourcesBuildPhase section */
		7308A1872E95A36E00B6DE31 /* Sources */ = {
			isa = PBXSourcesBuildPhase;
			buildActionMask = 2147483647;
			files = (
				36C480C42E9DB608005A4DBC /* SwiftUIView.swift in Sources */,
			);
			runOnlyForDeploymentPostprocessing = 0;
		};
		7308A1962E95A36E00B6DE31 /* Sources */ = {
			isa = PBXSourcesBuildPhase;
			buildActionMask = 2147483647;
			files = (
			);
			runOnlyForDeploymentPostprocessing = 0;
		};
		7308A1A02E95A36F00B6DE31 /* Sources */ = {
			isa = PBXSourcesBuildPhase;
			buildActionMask = 2147483647;
			files = (
			);
			runOnlyForDeploymentPostprocessing = 0;
		};
/* End PBXSourcesBuildPhase section */

/* Begin PBXTargetDependency section */
		7308A19C2E95A36E00B6DE31 /* PBXTargetDependency */ = {
			isa = PBXTargetDependency;
			target = 7308A18A2E95A36E00B6DE31 /* FreehandMapDrawing */;
			targetProxy = 7308A19B2E95A36E00B6DE31 /* PBXContainerItemProxy */;
		};
		7308A1A62E95A36F00B6DE31 /* PBXTargetDependency */ = {
			isa = PBXTargetDependency;
			target = 7308A18A2E95A36E00B6DE31 /* FreehandMapDrawing */;
			targetProxy = 7308A1A52E95A36F00B6DE31 /* PBXContainerItemProxy */;
		};
/* End PBXTargetDependency section */

/* Begin XCBuildConfiguration section */
		7308A1AC2E95A36F00B6DE31 /* Debug */ = {
			isa = XCBuildConfiguration;
			buildSettings = {
				ALWAYS_SEARCH_USER_PATHS = NO;
				ASSETCATALOG_COMPILER_GENERATE_SWIFT_ASSET_SYMBOL_EXTENSIONS = YES;
				CLANG_ANALYZER_NONNULL = YES;
				CLANG_ANALYZER_NUMBER_OBJECT_CONVERSION = YES_AGGRESSIVE;
				CLANG_CXX_LANGUAGE_STANDARD = "gnu++20";
				CLANG_ENABLE_MODULES = YES;
				CLANG_ENABLE_OBJC_ARC = YES;
				CLANG_ENABLE_OBJC_WEAK = YES;
				CLANG_WARN_BLOCK_CAPTURE_AUTORELEASING = YES;
				CLANG_WARN_BOOL_CONVERSION = YES;
				CLANG_WARN_COMMA = YES;
				CLANG_WARN_CONSTANT_CONVERSION = YES;
				CLANG_WARN_DEPRECATED_OBJC_IMPLEMENTATIONS = YES;
				CLANG_WARN_DIRECT_OBJC_ISA_USAGE = YES_ERROR;
				CLANG_WARN_DOCUMENTATION_COMMENTS = YES;
				CLANG_WARN_EMPTY_BODY = YES;
				CLANG_WARN_ENUM_CONVERSION = YES;
				CLANG_WARN_INFINITE_RECURSION = YES;
				CLANG_WARN_INT_CONVERSION = YES;
				CLANG_WARN_NON_LITERAL_NULL_CONVERSION = YES;
				CLANG_WARN_OBJC_IMPLICIT_RETAIN_SELF = YES;
				CLANG_WARN_OBJC_LITERAL_CONVERSION = YES;
				CLANG_WARN_OBJC_ROOT_CLASS = YES_ERROR;
				CLANG_WARN_QUOTED_INCLUDE_IN_FRAMEWORK_HEADER = YES;
				CLANG_WARN_RANGE_LOOP_ANALYSIS = YES;
				CLANG_WARN_STRICT_PROTOTYPES = YES;
				CLANG_WARN_SUSPICIOUS_MOVE = YES;
				CLANG_WARN_UNGUARDED_AVAILABILITY = YES_AGGRESSIVE;
				CLANG_WARN_UNREACHABLE_CODE = YES;
				CLANG_WARN__DUPLICATE_METHOD_MATCH = YES;
				COPY_PHASE_STRIP = NO;
				DEBUG_INFORMATION_FORMAT = dwarf;
				ENABLE_STRICT_OBJC_MSGSEND = YES;
				ENABLE_TESTABILITY = YES;
				ENABLE_USER_SCRIPT_SANDBOXING = YES;
				GCC_C_LANGUAGE_STANDARD = gnu17;
				GCC_DYNAMIC_NO_PIC = NO;
				GCC_NO_COMMON_BLOCKS = YES;
				GCC_OPTIMIZATION_LEVEL = 0;
				GCC_PREPROCESSOR_DEFINITIONS = (
					"DEBUG=1",
					"$(inherited)",
				);
				GCC_WARN_64_TO_32_BIT_CONVERSION = YES;
				GCC_WARN_ABOUT_RETURN_TYPE = YES_ERROR;
				GCC_WARN_UNDECLARED_SELECTOR = YES;
				GCC_WARN_UNINITIALIZED_AUTOS = YES_AGGRESSIVE;
				GCC_WARN_UNUSED_FUNCTION = YES;
				GCC_WARN_UNUSED_VARIABLE = YES;
				IPHONEOS_DEPLOYMENT_TARGET = 26.0;
				LOCALIZATION_PREFERS_STRING_CATALOGS = YES;
				MTL_ENABLE_DEBUG_INFO = INCLUDE_SOURCE;
				MTL_FAST_MATH = YES;
				ONLY_ACTIVE_ARCH = YES;
				SDKROOT = iphoneos;
				SWIFT_ACTIVE_COMPILATION_CONDITIONS = "DEBUG $(inherited)";
				SWIFT_OPTIMIZATION_LEVEL = "-Onone";
			};
			name = Debug;
		};
		7308A1AD2E95A36F00B6DE31 /* Release */ = {
			isa = XCBuildConfiguration;
			buildSettings = {
				ALWAYS_SEARCH_USER_PATHS = NO;
				ASSETCATALOG_COMPILER_GENERATE_SWIFT_ASSET_SYMBOL_EXTENSIONS = YES;
				CLANG_ANALYZER_NONNULL = YES;
				CLANG_ANALYZER_NUMBER_OBJECT_CONVERSION = YES_AGGRESSIVE;
				CLANG_CXX_LANGUAGE_STANDARD = "gnu++20";
				CLANG_ENABLE_MODULES = YES;
				CLANG_ENABLE_OBJC_ARC = YES;
				CLANG_ENABLE_OBJC_WEAK = YES;
				CLANG_WARN_BLOCK_CAPTURE_AUTORELEASING = YES;
				CLANG_WARN_BOOL_CONVERSION = YES;
				CLANG_WARN_COMMA = YES;
				CLANG_WARN_CONSTANT_CONVERSION = YES;
				CLANG_WARN_DEPRECATED_OBJC_IMPLEMENTATIONS = YES;
				CLANG_WARN_DIRECT_OBJC_ISA_USAGE = YES_ERROR;
				CLANG_WARN_DOCUMENTATION_COMMENTS = YES;
				CLANG_WARN_EMPTY_BODY = YES;
				CLANG_WARN_ENUM_CONVERSION = YES;
				CLANG_WARN_INFINITE_RECURSION = YES;
				CLANG_WARN_INT_CONVERSION = YES;
				CLANG_WARN_NON_LITERAL_NULL_CONVERSION = YES;
				CLANG_WARN_OBJC_IMPLICIT_RETAIN_SELF = YES;
				CLANG_WARN_OBJC_LITERAL_CONVERSION = YES;
				CLANG_WARN_OBJC_ROOT_CLASS = YES_ERROR;
				CLANG_WARN_QUOTED_INCLUDE_IN_FRAMEWORK_HEADER = YES;
				CLANG_WARN_RANGE_LOOP_ANALYSIS = YES;
				CLANG_WARN_STRICT_PROTOTYPES = YES;
				CLANG_WARN_SUSPICIOUS_MOVE = YES;
				CLANG_WARN_UNGUARDED_AVAILABILITY = YES_AGGRESSIVE;
				CLANG_WARN_UNREACHABLE_CODE = YES;
				CLANG_WARN__DUPLICATE_METHOD_MATCH = YES;
				COPY_PHASE_STRIP = NO;
				DEBUG_INFORMATION_FORMAT = "dwarf-with-dsym";
				ENABLE_NS_ASSERTIONS = NO;
				ENABLE_STRICT_OBJC_MSGSEND = YES;
				ENABLE_USER_SCRIPT_SANDBOXING = YES;
				GCC_C_LANGUAGE_STANDARD = gnu17;
				GCC_NO_COMMON_BLOCKS = YES;
				GCC_WARN_64_TO_32_BIT_CONVERSION = YES;
				GCC_WARN_ABOUT_RETURN_TYPE = YES_ERROR;
				GCC_WARN_UNDECLARED_SELECTOR = YES;
				GCC_WARN_UNINITIALIZED_AUTOS = YES_AGGRESSIVE;
				GCC_WARN_UNUSED_FUNCTION = YES;
				GCC_WARN_UNUSED_VARIABLE = YES;
				IPHONEOS_DEPLOYMENT_TARGET = 26.0;
				LOCALIZATION_PREFERS_STRING_CATALOGS = YES;
				MTL_ENABLE_DEBUG_INFO = NO;
				MTL_FAST_MATH = YES;
				SDKROOT = iphoneos;
				SWIFT_COMPILATION_MODE = wholemodule;
				VALIDATE_PRODUCT = YES;
			};
			name = Release;
		};
		7308A1AF2E95A36F00B6DE31 /* Debug */ = {
			isa = XCBuildConfiguration;
			buildSettings = {
				ASSETCATALOG_COMPILER_APPICON_NAME = AppIcon;
				ASSETCATALOG_COMPILER_GLOBAL_ACCENT_COLOR_NAME = AccentColor;
				CODE_SIGN_STYLE = Automatic;
				CURRENT_PROJECT_VERSION = 1;
				ENABLE_PREVIEWS = YES;
				GENERATE_INFOPLIST_FILE = YES;
				INFOPLIST_FILE = FreehandMapDrawing/Info.plist;
				INFOPLIST_KEY_UIApplicationSceneManifest_Generation = YES;
				INFOPLIST_KEY_UIApplicationSupportsIndirectInputEvents = YES;
				INFOPLIST_KEY_UILaunchScreen_Generation = YES;
				INFOPLIST_KEY_UISupportedInterfaceOrientations_iPad = "UIInterfaceOrientationPortrait UIInterfaceOrientationPortraitUpsideDown UIInterfaceOrientationLandscapeLeft UIInterfaceOrientationLandscapeRight";
				INFOPLIST_KEY_UISupportedInterfaceOrientations_iPhone = "UIInterfaceOrientationPortrait UIInterfaceOrientationLandscapeLeft UIInterfaceOrientationLandscapeRight";
				LD_RUNPATH_SEARCH_PATHS = (
					"$(inherited)",
					"@executable_path/Frameworks",
				);
				MARKETING_VERSION = 1.0;
				PRODUCT_BUNDLE_IDENTIFIER = io.ignis.FreehandMapDrawing;
				PRODUCT_NAME = "$(TARGET_NAME)";
				STRING_CATALOG_GENERATE_SYMBOLS = YES;
				SWIFT_APPROACHABLE_CONCURRENCY = YES;
				SWIFT_DEFAULT_ACTOR_ISOLATION = MainActor;
				SWIFT_EMIT_LOC_STRINGS = YES;
				SWIFT_UPCOMING_FEATURE_MEMBER_IMPORT_VISIBILITY = YES;
				SWIFT_VERSION = 5.0;
				TARGETED_DEVICE_FAMILY = "1,2";
			};
			name = Debug;
		};
		7308A1B02E95A36F00B6DE31 /* Release */ = {
			isa = XCBuildConfiguration;
			buildSettings = {
				ASSETCATALOG_COMPILER_APPICON_NAME = AppIcon;
				ASSETCATALOG_COMPILER_GLOBAL_ACCENT_COLOR_NAME = AccentColor;
				CODE_SIGN_STYLE = Automatic;
				CURRENT_PROJECT_VERSION = 1;
				ENABLE_PREVIEWS = YES;
				GENERATE_INFOPLIST_FILE = YES;
				INFOPLIST_FILE = FreehandMapDrawing/Info.plist;
				INFOPLIST_KEY_UIApplicationSceneManifest_Generation = YES;
				INFOPLIST_KEY_UIApplicationSupportsIndirectInputEvents = YES;
				INFOPLIST_KEY_UILaunchScreen_Generation = YES;
				INFOPLIST_KEY_UISupportedInterfaceOrientations_iPad = "UIInterfaceOrientationPortrait UIInterfaceOrientationPortraitUpsideDown UIInterfaceOrientationLandscapeLeft UIInterfaceOrientationLandscapeRight";
				INFOPLIST_KEY_UISupportedInterfaceOrientations_iPhone = "UIInterfaceOrientationPortrait UIInterfaceOrientationLandscapeLeft UIInterfaceOrientationLandscapeRight";
				LD_RUNPATH_SEARCH_PATHS = (
					"$(inherited)",
					"@executable_path/Frameworks",
				);
				MARKETING_VERSION = 1.0;
				PRODUCT_BUNDLE_IDENTIFIER = io.ignis.FreehandMapDrawing;
				PRODUCT_NAME = "$(TARGET_NAME)";
				STRING_CATALOG_GENERATE_SYMBOLS = YES;
				SWIFT_APPROACHABLE_CONCURRENCY = YES;
				SWIFT_DEFAULT_ACTOR_ISOLATION = MainActor;
				SWIFT_EMIT_LOC_STRINGS = YES;
				SWIFT_UPCOMING_FEATURE_MEMBER_IMPORT_VISIBILITY = YES;
				SWIFT_VERSION = 5.0;
				TARGETED_DEVICE_FAMILY = "1,2";
			};
			name = Release;
		};
		7308A1B22E95A36F00B6DE31 /* Debug */ = {
			isa = XCBuildConfiguration;
			buildSettings = {
				BUNDLE_LOADER = "$(TEST_HOST)";
				CODE_SIGN_STYLE = Automatic;
				CURRENT_PROJECT_VERSION = 1;
				GENERATE_INFOPLIST_FILE = YES;
				IPHONEOS_DEPLOYMENT_TARGET = 26.0;
				MARKETING_VERSION = 1.0;
				PRODUCT_BUNDLE_IDENTIFIER = io.ignis.FreehandMapDrawingTests;
				PRODUCT_NAME = "$(TARGET_NAME)";
				STRING_CATALOG_GENERATE_SYMBOLS = NO;
				SWIFT_APPROACHABLE_CONCURRENCY = YES;
				SWIFT_EMIT_LOC_STRINGS = NO;
				SWIFT_UPCOMING_FEATURE_MEMBER_IMPORT_VISIBILITY = YES;
				SWIFT_VERSION = 5.0;
				TARGETED_DEVICE_FAMILY = "1,2";
				TEST_HOST = "$(BUILT_PRODUCTS_DIR)/FreehandMapDrawing.app/$(BUNDLE_EXECUTABLE_FOLDER_PATH)/FreehandMapDrawing";
			};
			name = Debug;
		};
		7308A1B32E95A36F00B6DE31 /* Release */ = {
			isa = XCBuildConfiguration;
			buildSettings = {
				BUNDLE_LOADER = "$(TEST_HOST)";
				CODE_SIGN_STYLE = Automatic;
				CURRENT_PROJECT_VERSION = 1;
				GENERATE_INFOPLIST_FILE = YES;
				IPHONEOS_DEPLOYMENT_TARGET = 26.0;
				MARKETING_VERSION = 1.0;
				PRODUCT_BUNDLE_IDENTIFIER = io.ignis.FreehandMapDrawingTests;
				PRODUCT_NAME = "$(TARGET_NAME)";
				STRING_CATALOG_GENERATE_SYMBOLS = NO;
				SWIFT_APPROACHABLE_CONCURRENCY = YES;
				SWIFT_EMIT_LOC_STRINGS = NO;
				SWIFT_UPCOMING_FEATURE_MEMBER_IMPORT_VISIBILITY = YES;
				SWIFT_VERSION = 5.0;
				TARGETED_DEVICE_FAMILY = "1,2";
				TEST_HOST = "$(BUILT_PRODUCTS_DIR)/FreehandMapDrawing.app/$(BUNDLE_EXECUTABLE_FOLDER_PATH)/FreehandMapDrawing";
			};
			name = Release;
		};
		7308A1B52E95A36F00B6DE31 /* Debug */ = {
			isa = XCBuildConfiguration;
			buildSettings = {
				CODE_SIGN_STYLE = Automatic;
				CURRENT_PROJECT_VERSION = 1;
				GENERATE_INFOPLIST_FILE = YES;
				MARKETING_VERSION = 1.0;
				PRODUCT_BUNDLE_IDENTIFIER = io.ignis.FreehandMapDrawingUITests;
				PRODUCT_NAME = "$(TARGET_NAME)";
				STRING_CATALOG_GENERATE_SYMBOLS = NO;
				SWIFT_APPROACHABLE_CONCURRENCY = YES;
				SWIFT_EMIT_LOC_STRINGS = NO;
				SWIFT_UPCOMING_FEATURE_MEMBER_IMPORT_VISIBILITY = YES;
				SWIFT_VERSION = 5.0;
				TARGETED_DEVICE_FAMILY = "1,2";
				TEST_TARGET_NAME = FreehandMapDrawing;
			};
			name = Debug;
		};
		7308A1B62E95A36F00B6DE31 /* Release */ = {
			isa = XCBuildConfiguration;
			buildSettings = {
				CODE_SIGN_STYLE = Automatic;
				CURRENT_PROJECT_VERSION = 1;
				GENERATE_INFOPLIST_FILE = YES;
				MARKETING_VERSION = 1.0;
				PRODUCT_BUNDLE_IDENTIFIER = io.ignis.FreehandMapDrawingUITests;
				PRODUCT_NAME = "$(TARGET_NAME)";
				STRING_CATALOG_GENERATE_SYMBOLS = NO;
				SWIFT_APPROACHABLE_CONCURRENCY = YES;
				SWIFT_EMIT_LOC_STRINGS = NO;
				SWIFT_UPCOMING_FEATURE_MEMBER_IMPORT_VISIBILITY = YES;
				SWIFT_VERSION = 5.0;
				TARGETED_DEVICE_FAMILY = "1,2";
				TEST_TARGET_NAME = FreehandMapDrawing;
			};
			name = Release;
		};
/* End XCBuildConfiguration section */

/* Begin XCConfigurationList section */
		7308A1862E95A36E00B6DE31 /* Build configuration list for PBXProject "FreehandMapDrawing" */ = {
			isa = XCConfigurationList;
			buildConfigurations = (
				7308A1AC2E95A36F00B6DE31 /* Debug */,
				7308A1AD2E95A36F00B6DE31 /* Release */,
			);
			defaultConfigurationIsVisible = 0;
			defaultConfigurationName = Release;
		};
		7308A1AE2E95A36F00B6DE31 /* Build configuration list for PBXNativeTarget "FreehandMapDrawing" */ = {
			isa = XCConfigurationList;
			buildConfigurations = (
				7308A1AF2E95A36F00B6DE31 /* Debug */,
				7308A1B02E95A36F00B6DE31 /* Release */,
			);
			defaultConfigurationIsVisible = 0;
			defaultConfigurationName = Release;
		};
		7308A1B12E95A36F00B6DE31 /* Build configuration list for PBXNativeTarget "FreehandMapDrawingTests" */ = {
			isa = XCConfigurationList;
			buildConfigurations = (
				7308A1B22E95A36F00B6DE31 /* Debug */,
				7308A1B32E95A36F00B6DE31 /* Release */,
			);
			defaultConfigurationIsVisible = 0;
			defaultConfigurationName = Release;
		};
		7308A1B42E95A36F00B6DE31 /* Build configuration list for PBXNativeTarget "FreehandMapDrawingUITests" */ = {
			isa = XCConfigurationList;
			buildConfigurations = (
				7308A1B52E95A36F00B6DE31 /* Debug */,
				7308A1B62E95A36F00B6DE31 /* Release */,
			);
			defaultConfigurationIsVisible = 0;
			defaultConfigurationName = Release;
		};
/* End XCConfigurationList section */

/* Begin XCRemoteSwiftPackageReference section */
		7308A1B92E95A61C00B6DE31 /* XCRemoteSwiftPackageReference "mapbox-maps-ios" */ = {
			isa = XCRemoteSwiftPackageReference;
			repositoryURL = "https://github.com/mapbox/mapbox-maps-ios.git";
			requirement = {
				kind = exactVersion;
				version = 11.15.2;
			};
		};
/* End XCRemoteSwiftPackageReference section */

/* Begin XCSwiftPackageProductDependency section */
		7308A1BA2E95A61C00B6DE31 /* MapboxMaps */ = {
			isa = XCSwiftPackageProductDependency;
			package = 7308A1B92E95A61C00B6DE31 /* XCRemoteSwiftPackageReference "mapbox-maps-ios" */;
			productName = MapboxMaps;
		};
/* End XCSwiftPackageProductDependency section */
	};
	rootObject = 7308A1832E95A36E00B6DE31 /* Project object */;
}
